
Microsoft Visual Studio Solution File, Format Version 12.00
# Visual Studio 15
VisualStudioVersion = 15.0.28307.1062
MinimumVisualStudioVersion = 10.0.40219.1
Project("{888888A0-9F3D-457C-B088-3A5042F75D52}") = "DjangoPrac", "DjangoPrac\DjangoPrac.pyproj", "{7732E260-C782-494D-B8CA-40A96A22B9BD}"
EndProject
Global
	GlobalSection(SolutionConfigurationPlatforms) = preSolution
		Debug|Any CPU = Debug|Any CPU
		Release|Any CPU = Release|Any CPU
	EndGlobalSection
	GlobalSection(ProjectConfigurationPlatforms) = postSolution
		{7732E260-C782-494D-B8CA-40A96A22B9BD}.Debug|Any CPU.ActiveCfg = Debug|Any CPU
		{7732E260-C782-494D-B8CA-40A96A22B9BD}.Debug|Any CPU.Build.0 = Debug|Any CPU
		{7732E260-C782-494D-B8CA-40A96A22B9BD}.Release|Any CPU.ActiveCfg = Release|Any CPU
		{7732E260-C782-494D-B8CA-40A96A22B9BD}.Release|Any CPU.Build.0 = Release|Any CPU
	EndGlobalSection
	GlobalSection(SolutionProperties) = preSolution
		HideSolutionNode = FALSE
	EndGlobalSection
	GlobalSection(ExtensibilityGlobals) = postSolution
		SolutionGuid = {71F2AEE9-408B-406B-B1B9-32DD1481A9C6}
	EndGlobalSection
EndGlobal
